
Microsoft Visual Studio Solution File, Format Version 12.00
# Visual Studio Version 17
VisualStudioVersion = 17.8.34511.84
MinimumVisualStudioVersion = 10.0.40219.1
Project("{FAE04EC0-301F-11D3-BF4B-00C04F79EFBC}") = "DotNetTrainingbatch3.ConsoleApp", "DotNetTrainingbatch3.ConsoleApp\DotNetTrainingbatch3.ConsoleApp.csproj", "{C23C4EC1-4225-4F4D-8B6E-78398A309092}"
EndProject
Global
	GlobalSection(SolutionConfigurationPlatforms) = preSolution
		Debug|Any CPU = Debug|Any CPU
		Release|Any CPU = Release|Any CPU
	EndGlobalSection
	GlobalSection(ProjectConfigurationPlatforms) = postSolution
		{C23C4EC1-4225-4F4D-8B6E-78398A309092}.Debug|Any CPU.ActiveCfg = Debug|Any CPU
		{C23C4EC1-4225-4F4D-8B6E-78398A309092}.Debug|Any CPU.Build.0 = Debug|Any CPU
		{C23C4EC1-4225-4F4D-8B6E-78398A309092}.Release|Any CPU.ActiveCfg = Release|Any CPU
		{C23C4EC1-4225-4F4D-8B6E-78398A309092}.Release|Any CPU.Build.0 = Release|Any CPU
	EndGlobalSection
	GlobalSection(SolutionProperties) = preSolution
		HideSolutionNode = FALSE
	EndGlobalSection
	GlobalSection(ExtensibilityGlobals) = postSolution
		SolutionGuid = {65DB6BD7-4988-480F-8A2C-D3765C96A01C}
	EndGlobalSection
EndGlobal
